
Microsoft Visual Studio Solution File, Format Version 12.00
# Visual Studio Version 17
VisualStudioVersion = 17.3.32519.111
MinimumVisualStudioVersion = 10.0.40219.1
Project("{2150E333-8FDC-42A3-9474-1A3956D46DE8}") = "src", "src", "{32EFC907-6256-4B63-93F4-09747317F1EC}"
EndProject
Project("{2150E333-8FDC-42A3-9474-1A3956D46DE8}") = "UI", "UI", "{200462E0-ED64-4701-94F1-3462F9ABEC26}"
EndProject
Project("{9A19103F-16F7-4668-BE54-9A1E7A4F7556}") = "UrlShortener.UI.Blazor", "src\UI\UrlShortener.UI.Blazor\UrlShortener.UI.Blazor.csproj", "{BA65EA48-573F-4017-9CC2-3D30F3F315CC}"
EndProject
Project("{2150E333-8FDC-42A3-9474-1A3956D46DE8}") = "API", "API", "{99DD3F20-9B7C-4473-966E-4F57DD0C532D}"
EndProject
Project("{9A19103F-16F7-4668-BE54-9A1E7A4F7556}") = "UrlShortener.Applications", "src\API\UrlShortener.Applications\UrlShortener.Applications.csproj", "{F83ADCAF-BF51-4D16-85E0-2E1658B1C3FC}"
EndProject
Project("{9A19103F-16F7-4668-BE54-9A1E7A4F7556}") = "UrlShortener.Domain", "src\API\UrlShortener.Domain\UrlShortener.Domain.csproj", "{A9FD1E35-752B-4562-B205-D10EA4157847}"
EndProject
Project("{9A19103F-16F7-4668-BE54-9A1E7A4F7556}") = "UrlShortener.Persistence", "src\API\UrlShortener.Persistence\UrlShortener.Persistence.csproj", "{92CFC31E-A83F-4329-9198-62BF7840A63F}"
EndProject
Project("{9A19103F-16F7-4668-BE54-9A1E7A4F7556}") = "UrlShortener.Server", "src\API\UrlShortener.Server\UrlShortener.Server.csproj", "{725AA977-BF65-41F9-8959-CC971F0CC87A}"
EndProject
Project("{2150E333-8FDC-42A3-9474-1A3956D46DE8}") = "Shared", "Shared", "{9740B6CC-1FA0-4A56-B100-8E66A131438D}"
EndProject
Project("{9A19103F-16F7-4668-BE54-9A1E7A4F7556}") = "UrlShortener.Shared", "src\Shared\UrlShortener.Shared\UrlShortener.Shared.csproj", "{E6C9F757-FEC2-4A31-976B-9081458AF39E}"
EndProject
Project("{FAE04EC0-301F-11D3-BF4B-00C04F79EFBC}") = "UrlShortener.Core", "src\API\UrlShortener.Core\UrlShortener.Core.csproj", "{22F91998-6C74-429F-A3F3-2537DFB9C0B0}"
EndProject
Project("{FAE04EC0-301F-11D3-BF4B-00C04F79EFBC}") = "UrlShortener.Migrator", "src\API\UrlShortener.Migrator\UrlShortener.Migrator.csproj", "{202F4543-181D-483D-B36F-1C8EF60A72A1}"
EndProject
Project("{9A19103F-16F7-4668-BE54-9A1E7A4F7556}") = "_build", "build\_build.csproj", "{55AD7BB6-FB83-4CB1-954B-810D09BE1F4D}"
EndProject
Global
	GlobalSection(SolutionConfigurationPlatforms) = preSolution
		Debug|Any CPU = Debug|Any CPU
		Release|Any CPU = Release|Any CPU
	EndGlobalSection
	GlobalSection(ProjectConfigurationPlatforms) = postSolution
		{55AD7BB6-FB83-4CB1-954B-810D09BE1F4D}.Debug|Any CPU.ActiveCfg = Debug|Any CPU
		{55AD7BB6-FB83-4CB1-954B-810D09BE1F4D}.Release|Any CPU.ActiveCfg = Release|Any CPU
		{BA65EA48-573F-4017-9CC2-3D30F3F315CC}.Debug|Any CPU.ActiveCfg = Debug|Any CPU
		{BA65EA48-573F-4017-9CC2-3D30F3F315CC}.Debug|Any CPU.Build.0 = Debug|Any CPU
		{BA65EA48-573F-4017-9CC2-3D30F3F315CC}.Release|Any CPU.ActiveCfg = Release|Any CPU
		{BA65EA48-573F-4017-9CC2-3D30F3F315CC}.Release|Any CPU.Build.0 = Release|Any CPU
		{F83ADCAF-BF51-4D16-85E0-2E1658B1C3FC}.Debug|Any CPU.ActiveCfg = Debug|Any CPU
		{F83ADCAF-BF51-4D16-85E0-2E1658B1C3FC}.Debug|Any CPU.Build.0 = Debug|Any CPU
		{F83ADCAF-BF51-4D16-85E0-2E1658B1C3FC}.Release|Any CPU.ActiveCfg = Release|Any CPU
		{F83ADCAF-BF51-4D16-85E0-2E1658B1C3FC}.Release|Any CPU.Build.0 = Release|Any CPU
		{A9FD1E35-752B-4562-B205-D10EA4157847}.Debug|Any CPU.ActiveCfg = Debug|Any CPU
		{A9FD1E35-752B-4562-B205-D10EA4157847}.Debug|Any CPU.Build.0 = Debug|Any CPU
		{A9FD1E35-752B-4562-B205-D10EA4157847}.Release|Any CPU.ActiveCfg = Release|Any CPU
		{A9FD1E35-752B-4562-B205-D10EA4157847}.Release|Any CPU.Build.0 = Release|Any CPU
		{92CFC31E-A83F-4329-9198-62BF7840A63F}.Debug|Any CPU.ActiveCfg = Debug|Any CPU
		{92CFC31E-A83F-4329-9198-62BF7840A63F}.Debug|Any CPU.Build.0 = Debug|Any CPU
		{92CFC31E-A83F-4329-9198-62BF7840A63F}.Release|Any CPU.ActiveCfg = Release|Any CPU
		{92CFC31E-A83F-4329-9198-62BF7840A63F}.Release|Any CPU.Build.0 = Release|Any CPU
		{725AA977-BF65-41F9-8959-CC971F0CC87A}.Debug|Any CPU.ActiveCfg = Debug|Any CPU
		{725AA977-BF65-41F9-8959-CC971F0CC87A}.Debug|Any CPU.Build.0 = Debug|Any CPU
		{725AA977-BF65-41F9-8959-CC971F0CC87A}.Release|Any CPU.ActiveCfg = Release|Any CPU
		{725AA977-BF65-41F9-8959-CC971F0CC87A}.Release|Any CPU.Build.0 = Release|Any CPU
		{E6C9F757-FEC2-4A31-976B-9081458AF39E}.Debug|Any CPU.ActiveCfg = Debug|Any CPU
		{E6C9F757-FEC2-4A31-976B-9081458AF39E}.Debug|Any CPU.Build.0 = Debug|Any CPU
		{E6C9F757-FEC2-4A31-976B-9081458AF39E}.Release|Any CPU.ActiveCfg = Release|Any CPU
		{E6C9F757-FEC2-4A31-976B-9081458AF39E}.Release|Any CPU.Build.0 = Release|Any CPU
		{22F91998-6C74-429F-A3F3-2537DFB9C0B0}.Debug|Any CPU.ActiveCfg = Debug|Any CPU
		{22F91998-6C74-429F-A3F3-2537DFB9C0B0}.Debug|Any CPU.Build.0 = Debug|Any CPU
		{22F91998-6C74-429F-A3F3-2537DFB9C0B0}.Release|Any CPU.ActiveCfg = Release|Any CPU
		{22F91998-6C74-429F-A3F3-2537DFB9C0B0}.Release|Any CPU.Build.0 = Release|Any CPU
		{202F4543-181D-483D-B36F-1C8EF60A72A1}.Debug|Any CPU.ActiveCfg = Debug|Any CPU
		{202F4543-181D-483D-B36F-1C8EF60A72A1}.Debug|Any CPU.Build.0 = Debug|Any CPU
		{202F4543-181D-483D-B36F-1C8EF60A72A1}.Release|Any CPU.ActiveCfg = Release|Any CPU
		{202F4543-181D-483D-B36F-1C8EF60A72A1}.Release|Any CPU.Build.0 = Release|Any CPU
	EndGlobalSection
	GlobalSection(SolutionProperties) = preSolution
		HideSolutionNode = FALSE
	EndGlobalSection
	GlobalSection(NestedProjects) = preSolution
		{200462E0-ED64-4701-94F1-3462F9ABEC26} = {32EFC907-6256-4B63-93F4-09747317F1EC}
		{BA65EA48-573F-4017-9CC2-3D30F3F315CC} = {200462E0-ED64-4701-94F1-3462F9ABEC26}
		{99DD3F20-9B7C-4473-966E-4F57DD0C532D} = {32EFC907-6256-4B63-93F4-09747317F1EC}
		{F83ADCAF-BF51-4D16-85E0-2E1658B1C3FC} = {99DD3F20-9B7C-4473-966E-4F57DD0C532D}
		{A9FD1E35-752B-4562-B205-D10EA4157847} = {99DD3F20-9B7C-4473-966E-4F57DD0C532D}
		{92CFC31E-A83F-4329-9198-62BF7840A63F} = {99DD3F20-9B7C-4473-966E-4F57DD0C532D}
		{725AA977-BF65-41F9-8959-CC971F0CC87A} = {99DD3F20-9B7C-4473-966E-4F57DD0C532D}
		{9740B6CC-1FA0-4A56-B100-8E66A131438D} = {32EFC907-6256-4B63-93F4-09747317F1EC}
		{E6C9F757-FEC2-4A31-976B-9081458AF39E} = {9740B6CC-1FA0-4A56-B100-8E66A131438D}
		{22F91998-6C74-429F-A3F3-2537DFB9C0B0} = {99DD3F20-9B7C-4473-966E-4F57DD0C532D}
		{202F4543-181D-483D-B36F-1C8EF60A72A1} = {99DD3F20-9B7C-4473-966E-4F57DD0C532D}
	EndGlobalSection
	GlobalSection(ExtensibilityGlobals) = postSolution
		SolutionGuid = {EA9AC316-DA9E-4FBD-9E42-B26637E1A63A}
	EndGlobalSection
EndGlobal
